// !$*UTF8*$!
{
	archiveVersion = 1;
	classes = {
	};
	objectVersion = 55;
	objects = {

/* Begin PBXBuildFile section */
		A02BD400298B1D6400575FE3 /* GoalCell.swift in Sources */ = {isa = PBXBuildFile; fileRef = A02BD3FE298B1D6400575FE3 /* GoalCell.swift */; };
		A02BD401298B1D6400575FE3 /* GoalCell.xib in Resources */ = {isa = PBXBuildFile; fileRef = A02BD3FF298B1D6400575FE3 /* GoalCell.xib */; };
		A02BD403298B232800575FE3 /* ListElement.swift in Sources */ = {isa = PBXBuildFile; fileRef = A02BD402298B232800575FE3 /* ListElement.swift */; };
		A02BD406298B24DA00575FE3 /* TaskCell.swift in Sources */ = {isa = PBXBuildFile; fileRef = A02BD404298B24DA00575FE3 /* TaskCell.swift */; };
		A02BD407298B24DA00575FE3 /* TaskCell.xib in Resources */ = {isa = PBXBuildFile; fileRef = A02BD405298B24DA00575FE3 /* TaskCell.xib */; };
		A02BD40B298B2B1400575FE3 /* SummaryCell.swift in Sources */ = {isa = PBXBuildFile; fileRef = A02BD409298B2B1400575FE3 /* SummaryCell.swift */; };
		A02BD40C298B2B1400575FE3 /* SummaryCell.xib in Resources */ = {isa = PBXBuildFile; fileRef = A02BD40A298B2B1400575FE3 /* SummaryCell.xib */; };
		A02BD40E298B33AB00575FE3 /* DataController.swift in Sources */ = {isa = PBXBuildFile; fileRef = A02BD40D298B33AB00575FE3 /* DataController.swift */; };
		A02BD410298B341A00575FE3 /* TaskEntity&CoreData.swift in Sources */ = {isa = PBXBuildFile; fileRef = A02BD40F298B341A00575FE3 /* TaskEntity&CoreData.swift */; };
		A02BD412298B348A00575FE3 /* TaskEntities&CoreDataProperties.swift in Sources */ = {isa = PBXBuildFile; fileRef = A02BD411298B348A00575FE3 /* TaskEntities&CoreDataProperties.swift */; };
		A02BD414298B34E300575FE3 /* GoalEntity&CoreData.swift in Sources */ = {isa = PBXBuildFile; fileRef = A02BD413298B34E300575FE3 /* GoalEntity&CoreData.swift */; };
		A02BD416298B356F00575FE3 /* GoalEntities&CoreDataProperties.swift in Sources */ = {isa = PBXBuildFile; fileRef = A02BD415298B356F00575FE3 /* GoalEntities&CoreDataProperties.swift */; };
		A02BD418298B361500575FE3 /* HistoryListModel.swift in Sources */ = {isa = PBXBuildFile; fileRef = A02BD417298B361500575FE3 /* HistoryListModel.swift */; };
		A02BD41A298B368100575FE3 /* DateFormattingHelper.swift in Sources */ = {isa = PBXBuildFile; fileRef = A02BD419298B368100575FE3 /* DateFormattingHelper.swift */; };
		A0780E0729875282003B41F4 /* FocusData.xcdatamodeld in Sources */ = {isa = PBXBuildFile; fileRef = A0780E0529875282003B41F4 /* FocusData.xcdatamodeld */; };
		A0C1757629840B8C00674463 /* TodaysModel.swift in Sources */ = {isa = PBXBuildFile; fileRef = A0C1757529840B8C00674463 /* TodaysModel.swift */; };
		A0C1757929840CEA00674463 /* Goal.swift in Sources */ = {isa = PBXBuildFile; fileRef = A0C1757829840CEA00674463 /* Goal.swift */; };
		A0C1757B29840D1300674463 /* Task.swift in Sources */ = {isa = PBXBuildFile; fileRef = A0C1757A29840D1300674463 /* Task.swift */; };
		A0E9C8D72981F0EE009C136A /* AppDelegate.swift in Sources */ = {isa = PBXBuildFile; fileRef = A0E9C8D62981F0EE009C136A /* AppDelegate.swift */; };
		A0E9C8D92981F0EE009C136A /* SceneDelegate.swift in Sources */ = {isa = PBXBuildFile; fileRef = A0E9C8D82981F0EE009C136A /* SceneDelegate.swift */; };
		A0E9C8DB2981F0EE009C136A /* TodaysViewController.swift in Sources */ = {isa = PBXBuildFile; fileRef = A0E9C8DA2981F0EE009C136A /* TodaysViewController.swift */; };
		A0E9C8DE2981F0EE009C136A /* Main.storyboard in Resources */ = {isa = PBXBuildFile; fileRef = A0E9C8DC2981F0EE009C136A /* Main.storyboard */; };
		A0E9C8E02981F0EF009C136A /* Assets.xcassets in Resources */ = {isa = PBXBuildFile; fileRef = A0E9C8DF2981F0EF009C136A /* Assets.xcassets */; };
		A0E9C8E32981F0EF009C136A /* LaunchScreen.storyboard in Resources */ = {isa = PBXBuildFile; fileRef = A0E9C8E12981F0EF009C136A /* LaunchScreen.storyboard */; };
/* End PBXBuildFile section */

/* Begin PBXFileReference section */
		A02BD3FE298B1D6400575FE3 /* GoalCell.swift */ = {isa = PBXFileReference; lastKnownFileType = sourcecode.swift; path = GoalCell.swift; sourceTree = "<group>"; };
		A02BD3FF298B1D6400575FE3 /* GoalCell.xib */ = {isa = PBXFileReference; lastKnownFileType = file.xib; path = GoalCell.xib; sourceTree = "<group>"; };
		A02BD402298B232800575FE3 /* ListElement.swift */ = {isa = PBXFileReference; lastKnownFileType = sourcecode.swift; path = ListElement.swift; sourceTree = "<group>"; };
		A02BD404298B24DA00575FE3 /* TaskCell.swift */ = {isa = PBXFileReference; lastKnownFileType = sourcecode.swift; path = TaskCell.swift; sourceTree = "<group>"; };
		A02BD405298B24DA00575FE3 /* TaskCell.xib */ = {isa = PBXFileReference; lastKnownFileType = file.xib; path = TaskCell.xib; sourceTree = "<group>"; };
		A02BD409298B2B1400575FE3 /* SummaryCell.swift */ = {isa = PBXFileReference; lastKnownFileType = sourcecode.swift; path = SummaryCell.swift; sourceTree = "<group>"; };
		A02BD40A298B2B1400575FE3 /* SummaryCell.xib */ = {isa = PBXFileReference; lastKnownFileType = file.xib; path = SummaryCell.xib; sourceTree = "<group>"; };
		A02BD40D298B33AB00575FE3 /* DataController.swift */ = {isa = PBXFileReference; lastKnownFileType = sourcecode.swift; path = DataController.swift; sourceTree = "<group>"; };
		A02BD40F298B341A00575FE3 /* TaskEntity&CoreData.swift */ = {isa = PBXFileReference; lastKnownFileType = sourcecode.swift; path = "TaskEntity&CoreData.swift"; sourceTree = "<group>"; };
		A02BD411298B348A00575FE3 /* TaskEntities&CoreDataProperties.swift */ = {isa = PBXFileReference; lastKnownFileType = sourcecode.swift; path = "TaskEntities&CoreDataProperties.swift"; sourceTree = "<group>"; };
		A02BD413298B34E300575FE3 /* GoalEntity&CoreData.swift */ = {isa = PBXFileReference; lastKnownFileType = sourcecode.swift; path = "GoalEntity&CoreData.swift"; sourceTree = "<group>"; };
		A02BD415298B356F00575FE3 /* GoalEntities&CoreDataProperties.swift */ = {isa = PBXFileReference; lastKnownFileType = sourcecode.swift; path = "GoalEntities&CoreDataProperties.swift"; sourceTree = "<group>"; };
		A02BD417298B361500575FE3 /* HistoryListModel.swift */ = {isa = PBXFileReference; lastKnownFileType = sourcecode.swift; path = HistoryListModel.swift; sourceTree = "<group>"; };
		A02BD419298B368100575FE3 /* DateFormattingHelper.swift */ = {isa = PBXFileReference; lastKnownFileType = sourcecode.swift; path = DateFormattingHelper.swift; sourceTree = "<group>"; };
		A0780E0629875282003B41F4 /* FocusData.xcdatamodel */ = {isa = PBXFileReference; lastKnownFileType = wrapper.xcdatamodel; path = FocusData.xcdatamodel; sourceTree = "<group>"; };
		A0C1757529840B8C00674463 /* TodaysModel.swift */ = {isa = PBXFileReference; lastKnownFileType = sourcecode.swift; path = TodaysModel.swift; sourceTree = "<group>"; };
		A0C1757829840CEA00674463 /* Goal.swift */ = {isa = PBXFileReference; lastKnownFileType = sourcecode.swift; path = Goal.swift; sourceTree = "<group>"; };
		A0C1757A29840D1300674463 /* Task.swift */ = {isa = PBXFileReference; lastKnownFileType = sourcecode.swift; path = Task.swift; sourceTree = "<group>"; };
		A0E9C8D32981F0EE009C136A /* FocusOn.app */ = {isa = PBXFileReference; explicitFileType = wrapper.application; includeInIndex = 0; path = FocusOn.app; sourceTree = BUILT_PRODUCTS_DIR; };
		A0E9C8D62981F0EE009C136A /* AppDelegate.swift */ = {isa = PBXFileReference; lastKnownFileType = sourcecode.swift; path = AppDelegate.swift; sourceTree = "<group>"; };
		A0E9C8D82981F0EE009C136A /* SceneDelegate.swift */ = {isa = PBXFileReference; lastKnownFileType = sourcecode.swift; path = SceneDelegate.swift; sourceTree = "<group>"; };
		A0E9C8DA2981F0EE009C136A /* TodaysViewController.swift */ = {isa = PBXFileReference; lastKnownFileType = sourcecode.swift; path = TodaysViewController.swift; sourceTree = "<group>"; };
		A0E9C8DD2981F0EE009C136A /* Base */ = {isa = PBXFileReference; lastKnownFileType = file.storyboard; name = Base; path = Base.lproj/Main.storyboard; sourceTree = "<group>"; };
		A0E9C8DF2981F0EF009C136A /* Assets.xcassets */ = {isa = PBXFileReference; lastKnownFileType = folder.assetcatalog; path = Assets.xcassets; sourceTree = "<group>"; };
		A0E9C8E22981F0EF009C136A /* Base */ = {isa = PBXFileReference; lastKnownFileType = file.storyboard; name = Base; path = Base.lproj/LaunchScreen.storyboard; sourceTree = "<group>"; };
		A0E9C8E42981F0EF009C136A /* Info.plist */ = {isa = PBXFileReference; lastKnownFileType = text.plist.xml; path = Info.plist; sourceTree = "<group>"; };
/* End PBXFileReference section */

/* Begin PBXFrameworksBuildPhase section */
		A0E9C8D02981F0EE009C136A /* Frameworks */ = {
			isa = PBXFrameworksBuildPhase;
			buildActionMask = 2147483647;
			files = (
			);
			runOnlyForDeploymentPostprocessing = 0;
		};
/* End PBXFrameworksBuildPhase section */

/* Begin PBXGroup section */
		A02BD408298B2ABA00575FE3 /* Cells */ = {
			isa = PBXGroup;
			children = (
				A02BD3FE298B1D6400575FE3 /* GoalCell.swift */,
				A02BD3FF298B1D6400575FE3 /* GoalCell.xib */,
				A02BD404298B24DA00575FE3 /* TaskCell.swift */,
				A02BD405298B24DA00575FE3 /* TaskCell.xib */,
				A02BD409298B2B1400575FE3 /* SummaryCell.swift */,
				A02BD40A298B2B1400575FE3 /* SummaryCell.xib */,
			);
			path = Cells;
			sourceTree = "<group>";
		};
		A02BD41B298B36B300575FE3 /* Helpers */ = {
			isa = PBXGroup;
			children = (
				A02BD419298B368100575FE3 /* DateFormattingHelper.swift */,
			);
			path = Helpers;
			sourceTree = "<group>";
		};
		A0C1757729840BBD00674463 /* Model */ = {
			isa = PBXGroup;
			children = (
				A0C1757529840B8C00674463 /* TodaysModel.swift */,
				A0C1757829840CEA00674463 /* Goal.swift */,
				A0C1757A29840D1300674463 /* Task.swift */,
				A02BD402298B232800575FE3 /* ListElement.swift */,
				A02BD408298B2ABA00575FE3 /* Cells */,
				A02BD40D298B33AB00575FE3 /* DataController.swift */,
				A02BD417298B361500575FE3 /* HistoryListModel.swift */,
			);
			path = Model;
			sourceTree = "<group>";
		};
		A0E9C8CA2981F0EE009C136A = {
			isa = PBXGroup;
			children = (
				A0E9C8D52981F0EE009C136A /* FocusOn */,
				A0E9C8D42981F0EE009C136A /* Products */,
			);
			sourceTree = "<group>";
		};
		A0E9C8D42981F0EE009C136A /* Products */ = {
			isa = PBXGroup;
			children = (
				A0E9C8D32981F0EE009C136A /* FocusOn.app */,
			);
			name = Products;
			sourceTree = "<group>";
		};
		A0E9C8D52981F0EE009C136A /* FocusOn */ = {
			isa = PBXGroup;
			children = (
				A0E9C8D62981F0EE009C136A /* AppDelegate.swift */,
				A0E9C8D82981F0EE009C136A /* SceneDelegate.swift */,
				A0C1757729840BBD00674463 /* Model */,
				A0E9C8EB2981F1B0009C136A /* View */,
				A0E9C8EA2981F17F009C136A /* Controller */,
				A0E9C8DF2981F0EF009C136A /* Assets.xcassets */,
				A0E9C8E12981F0EF009C136A /* LaunchScreen.storyboard */,
				A0E9C8E42981F0EF009C136A /* Info.plist */,
				A0780E0529875282003B41F4 /* FocusData.xcdatamodeld */,
				A02BD40F298B341A00575FE3 /* TaskEntity&CoreData.swift */,
				A02BD411298B348A00575FE3 /* TaskEntities&CoreDataProperties.swift */,
				A02BD413298B34E300575FE3 /* GoalEntity&CoreData.swift */,
				A02BD415298B356F00575FE3 /* GoalEntities&CoreDataProperties.swift */,
				A02BD41B298B36B300575FE3 /* Helpers */,
			);
			path = FocusOn;
			sourceTree = "<group>";
		};
		A0E9C8EA2981F17F009C136A /* Controller */ = {
			isa = PBXGroup;
			children = (
				A0E9C8DA2981F0EE009C136A /* TodaysViewController.swift */,
			);
			path = Controller;
			sourceTree = "<group>";
		};
		A0E9C8EB2981F1B0009C136A /* View */ = {
			isa = PBXGroup;
			children = (
				A0E9C8DC2981F0EE009C136A /* Main.storyboard */,
			);
			path = View;
			sourceTree = "<group>";
		};
/* End PBXGroup section */

/* Begin PBXNativeTarget section */
		A0E9C8D22981F0EE009C136A /* FocusOn */ = {
			isa = PBXNativeTarget;
			buildConfigurationList = A0E9C8E72981F0EF009C136A /* Build configuration list for PBXNativeTarget "FocusOn" */;
			buildPhases = (
				A0E9C8CF2981F0EE009C136A /* Sources */,
				A0E9C8D02981F0EE009C136A /* Frameworks */,
				A0E9C8D12981F0EE009C136A /* Resources */,
			);
			buildRules = (
			);
			dependencies = (
			);
			name = FocusOn;
			productName = FocusOn;
			productReference = A0E9C8D32981F0EE009C136A /* FocusOn.app */;
			productType = "com.apple.product-type.application";
		};
/* End PBXNativeTarget section */

/* Begin PBXProject section */
		A0E9C8CB2981F0EE009C136A /* Project object */ = {
			isa = PBXProject;
			attributes = {
				BuildIndependentTargetsInParallel = 1;
				LastSwiftUpdateCheck = 1330;
				LastUpgradeCheck = 1330;
				TargetAttributes = {
					A0E9C8D22981F0EE009C136A = {
						CreatedOnToolsVersion = 13.3.1;
					};
				};
			};
			buildConfigurationList = A0E9C8CE2981F0EE009C136A /* Build configuration list for PBXProject "FocusOn" */;
			compatibilityVersion = "Xcode 13.0";
			developmentRegion = en;
			hasScannedForEncodings = 0;
			knownRegions = (
				en,
				Base,
			);
			mainGroup = A0E9C8CA2981F0EE009C136A;
			productRefGroup = A0E9C8D42981F0EE009C136A /* Products */;
			projectDirPath = "";
			projectRoot = "";
			targets = (
				A0E9C8D22981F0EE009C136A /* FocusOn */,
			);
		};
/* End PBXProject section */

/* Begin PBXResourcesBuildPhase section */
		A0E9C8D12981F0EE009C136A /* Resources */ = {
			isa = PBXResourcesBuildPhase;
			buildActionMask = 2147483647;
			files = (
				A02BD401298B1D6400575FE3 /* GoalCell.xib in Resources */,
				A02BD407298B24DA00575FE3 /* TaskCell.xib in Resources */,
				A0E9C8E32981F0EF009C136A /* LaunchScreen.storyboard in Resources */,
				A0E9C8E02981F0EF009C136A /* Assets.xcassets in Resources */,
				A02BD40C298B2B1400575FE3 /* SummaryCell.xib in Resources */,
				A0E9C8DE2981F0EE009C136A /* Main.storyboard in Resources */,
			);
			runOnlyForDeploymentPostprocessing = 0;
		};
/* End PBXResourcesBuildPhase section */

/* Begin PBXSourcesBuildPhase section */
		A0E9C8CF2981F0EE009C136A /* Sources */ = {
			isa = PBXSourcesBuildPhase;
			buildActionMask = 2147483647;
			files = (
				A0E9C8DB2981F0EE009C136A /* TodaysViewController.swift in Sources */,
				A02BD40E298B33AB00575FE3 /* DataController.swift in Sources */,
				A0C1757629840B8C00674463 /* TodaysModel.swift in Sources */,
				A0E9C8D72981F0EE009C136A /* AppDelegate.swift in Sources */,
				A0C1757929840CEA00674463 /* Goal.swift in Sources */,
				A02BD40B298B2B1400575FE3 /* SummaryCell.swift in Sources */,
				A02BD406298B24DA00575FE3 /* TaskCell.swift in Sources */,
				A02BD400298B1D6400575FE3 /* GoalCell.swift in Sources */,
				A02BD412298B348A00575FE3 /* TaskEntities&CoreDataProperties.swift in Sources */,
				A0780E0729875282003B41F4 /* FocusData.xcdatamodeld in Sources */,
				A0C1757B29840D1300674463 /* Task.swift in Sources */,
				A02BD418298B361500575FE3 /* HistoryListModel.swift in Sources */,
				A0E9C8D92981F0EE009C136A /* SceneDelegate.swift in Sources */,
				A02BD403298B232800575FE3 /* ListElement.swift in Sources */,
				A02BD41A298B368100575FE3 /* DateFormattingHelper.swift in Sources */,
				A02BD414298B34E300575FE3 /* GoalEntity&CoreData.swift in Sources */,
				A02BD416298B356F00575FE3 /* GoalEntities&CoreDataProperties.swift in Sources */,
				A02BD410298B341A00575FE3 /* TaskEntity&CoreData.swift in Sources */,
			);
			runOnlyForDeploymentPostprocessing = 0;
		};
/* End PBXSourcesBuildPhase section */

/* Begin PBXVariantGroup section */
		A0E9C8DC2981F0EE009C136A /* Main.storyboard */ = {
			isa = PBXVariantGroup;
			children = (
				A0E9C8DD2981F0EE009C136A /* Base */,
			);
			name = Main.storyboard;
			sourceTree = "<group>";
		};
		A0E9C8E12981F0EF009C136A /* LaunchScreen.storyboard */ = {
			isa = PBXVariantGroup;
			children = (
				A0E9C8E22981F0EF009C136A /* Base */,
			);
			name = LaunchScreen.storyboard;
			sourceTree = "<group>";
		};
/* End PBXVariantGroup section */

/* Begin XCBuildConfiguration section */
		A0E9C8E52981F0EF009C136A /* Debug */ = {
			isa = XCBuildConfiguration;
			buildSettings = {
				ALWAYS_SEARCH_USER_PATHS = NO;
				CLANG_ANALYZER_NONNULL = YES;
				CLANG_ANALYZER_NUMBER_OBJECT_CONVERSION = YES_AGGRESSIVE;
				CLANG_CXX_LANGUAGE_STANDARD = "gnu++17";
				CLANG_ENABLE_MODULES = YES;
				CLANG_ENABLE_OBJC_ARC = YES;
				CLANG_ENABLE_OBJC_WEAK = YES;
				CLANG_WARN_BLOCK_CAPTURE_AUTORELEASING = YES;
				CLANG_WARN_BOOL_CONVERSION = YES;
				CLANG_WARN_COMMA = YES;
				CLANG_WARN_CONSTANT_CONVERSION = YES;
				CLANG_WARN_DEPRECATED_OBJC_IMPLEMENTATIONS = YES;
				CLANG_WARN_DIRECT_OBJC_ISA_USAGE = YES_ERROR;
				CLANG_WARN_DOCUMENTATION_COMMENTS = YES;
				CLANG_WARN_EMPTY_BODY = YES;
				CLANG_WARN_ENUM_CONVERSION = YES;
				CLANG_WARN_INFINITE_RECURSION = YES;
				CLANG_WARN_INT_CONVERSION = YES;
				CLANG_WARN_NON_LITERAL_NULL_CONVERSION = YES;
				CLANG_WARN_OBJC_IMPLICIT_RETAIN_SELF = YES;
				CLANG_WARN_OBJC_LITERAL_CONVERSION = YES;
				CLANG_WARN_OBJC_ROOT_CLASS = YES_ERROR;
				CLANG_WARN_QUOTED_INCLUDE_IN_FRAMEWORK_HEADER = YES;
				CLANG_WARN_RANGE_LOOP_ANALYSIS = YES;
				CLANG_WARN_STRICT_PROTOTYPES = YES;
				CLANG_WARN_SUSPICIOUS_MOVE = YES;
				CLANG_WARN_UNGUARDED_AVAILABILITY = YES_AGGRESSIVE;
				CLANG_WARN_UNREACHABLE_CODE = YES;
				CLANG_WARN__DUPLICATE_METHOD_MATCH = YES;
				COPY_PHASE_STRIP = NO;
				DEBUG_INFORMATION_FORMAT = dwarf;
				ENABLE_STRICT_OBJC_MSGSEND = YES;
				ENABLE_TESTABILITY = YES;
				GCC_C_LANGUAGE_STANDARD = gnu11;
				GCC_DYNAMIC_NO_PIC = NO;
				GCC_NO_COMMON_BLOCKS = YES;
				GCC_OPTIMIZATION_LEVEL = 0;
				GCC_PREPROCESSOR_DEFINITIONS = (
					"DEBUG=1",
					"$(inherited)",
				);
				GCC_WARN_64_TO_32_BIT_CONVERSION = YES;
				GCC_WARN_ABOUT_RETURN_TYPE = YES_ERROR;
				GCC_WARN_UNDECLARED_SELECTOR = YES;
				GCC_WARN_UNINITIALIZED_AUTOS = YES_AGGRESSIVE;
				GCC_WARN_UNUSED_FUNCTION = YES;
				GCC_WARN_UNUSED_VARIABLE = YES;
				IPHONEOS_DEPLOYMENT_TARGET = 15.4;
				MTL_ENABLE_DEBUG_INFO = INCLUDE_SOURCE;
				MTL_FAST_MATH = YES;
				ONLY_ACTIVE_ARCH = YES;
				SDKROOT = iphoneos;
				SWIFT_ACTIVE_COMPILATION_CONDITIONS = DEBUG;
				SWIFT_OPTIMIZATION_LEVEL = "-Onone";
			};
			name = Debug;
		};
		A0E9C8E62981F0EF009C136A /* Release */ = {
			isa = XCBuildConfiguration;
			buildSettings = {
				ALWAYS_SEARCH_USER_PATHS = NO;
				CLANG_ANALYZER_NONNULL = YES;
				CLANG_ANALYZER_NUMBER_OBJECT_CONVERSION = YES_AGGRESSIVE;
				CLANG_CXX_LANGUAGE_STANDARD = "gnu++17";
				CLANG_ENABLE_MODULES = YES;
				CLANG_ENABLE_OBJC_ARC = YES;
				CLANG_ENABLE_OBJC_WEAK = YES;
				CLANG_WARN_BLOCK_CAPTURE_AUTORELEASING = YES;
				CLANG_WARN_BOOL_CONVERSION = YES;
				CLANG_WARN_COMMA = YES;
				CLANG_WARN_CONSTANT_CONVERSION = YES;
				CLANG_WARN_DEPRECATED_OBJC_IMPLEMENTATIONS = YES;
				CLANG_WARN_DIRECT_OBJC_ISA_USAGE = YES_ERROR;
				CLANG_WARN_DOCUMENTATION_COMMENTS = YES;
				CLANG_WARN_EMPTY_BODY = YES;
				CLANG_WARN_ENUM_CONVERSION = YES;
				CLANG_WARN_INFINITE_RECURSION = YES;
				CLANG_WARN_INT_CONVERSION = YES;
				CLANG_WARN_NON_LITERAL_NULL_CONVERSION = YES;
				CLANG_WARN_OBJC_IMPLICIT_RETAIN_SELF = YES;
				CLANG_WARN_OBJC_LITERAL_CONVERSION = YES;
				CLANG_WARN_OBJC_ROOT_CLASS = YES_ERROR;
				CLANG_WARN_QUOTED_INCLUDE_IN_FRAMEWORK_HEADER = YES;
				CLANG_WARN_RANGE_LOOP_ANALYSIS = YES;
				CLANG_WARN_STRICT_PROTOTYPES = YES;
				CLANG_WARN_SUSPICIOUS_MOVE = YES;
				CLANG_WARN_UNGUARDED_AVAILABILITY = YES_AGGRESSIVE;
				CLANG_WARN_UNREACHABLE_CODE = YES;
				CLANG_WARN__DUPLICATE_METHOD_MATCH = YES;
				COPY_PHASE_STRIP = NO;
				DEBUG_INFORMATION_FORMAT = "dwarf-with-dsym";
				ENABLE_NS_ASSERTIONS = NO;
				ENABLE_STRICT_OBJC_MSGSEND = YES;
				GCC_C_LANGUAGE_STANDARD = gnu11;
				GCC_NO_COMMON_BLOCKS = YES;
				GCC_WARN_64_TO_32_BIT_CONVERSION = YES;
				GCC_WARN_ABOUT_RETURN_TYPE = YES_ERROR;
				GCC_WARN_UNDECLARED_SELECTOR = YES;
				GCC_WARN_UNINITIALIZED_AUTOS = YES_AGGRESSIVE;
				GCC_WARN_UNUSED_FUNCTION = YES;
				GCC_WARN_UNUSED_VARIABLE = YES;
				IPHONEOS_DEPLOYMENT_TARGET = 15.4;
				MTL_ENABLE_DEBUG_INFO = NO;
				MTL_FAST_MATH = YES;
				SDKROOT = iphoneos;
				SWIFT_COMPILATION_MODE = wholemodule;
				SWIFT_OPTIMIZATION_LEVEL = "-O";
				VALIDATE_PRODUCT = YES;
			};
			name = Release;
		};
		A0E9C8E82981F0EF009C136A /* Debug */ = {
			isa = XCBuildConfiguration;
			buildSettings = {
				ASSETCATALOG_COMPILER_APPICON_NAME = AppIcon;
				ASSETCATALOG_COMPILER_GLOBAL_ACCENT_COLOR_NAME = AccentColor;
				CODE_SIGN_STYLE = Automatic;
				CURRENT_PROJECT_VERSION = 1;
				DEVELOPMENT_TEAM = 58Q543QXGB;
				GENERATE_INFOPLIST_FILE = YES;
				INFOPLIST_FILE = FocusOn/Info.plist;
				INFOPLIST_KEY_UIApplicationSupportsIndirectInputEvents = YES;
				INFOPLIST_KEY_UILaunchStoryboardName = LaunchScreen;
				INFOPLIST_KEY_UIMainStoryboardFile = Main;
				INFOPLIST_KEY_UISupportedInterfaceOrientations_iPad = "UIInterfaceOrientationPortrait UIInterfaceOrientationPortraitUpsideDown UIInterfaceOrientationLandscapeLeft UIInterfaceOrientationLandscapeRight";
				INFOPLIST_KEY_UISupportedInterfaceOrientations_iPhone = "UIInterfaceOrientationPortrait UIInterfaceOrientationLandscapeLeft UIInterfaceOrientationLandscapeRight";
				LD_RUNPATH_SEARCH_PATHS = (
					"$(inherited)",
					"@executable_path/Frameworks",
				);
				MARKETING_VERSION = 1.0;
				PRODUCT_BUNDLE_IDENTIFIER = "tora.buke-gmail.com.FocusOn";
				PRODUCT_NAME = "$(TARGET_NAME)";
				SWIFT_EMIT_LOC_STRINGS = YES;
				SWIFT_VERSION = 5.0;
				TARGETED_DEVICE_FAMILY = "1,2";
			};
			name = Debug;
		};
		A0E9C8E92981F0EF009C136A /* Release */ = {
			isa = XCBuildConfiguration;
			buildSettings = {
				ASSETCATALOG_COMPILER_APPICON_NAME = AppIcon;
				ASSETCATALOG_COMPILER_GLOBAL_ACCENT_COLOR_NAME = AccentColor;
				CODE_SIGN_STYLE = Automatic;
				CURRENT_PROJECT_VERSION = 1;
				DEVELOPMENT_TEAM = 58Q543QXGB;
				GENERATE_INFOPLIST_FILE = YES;
				INFOPLIST_FILE = FocusOn/Info.plist;
				INFOPLIST_KEY_UIApplicationSupportsIndirectInputEvents = YES;
				INFOPLIST_KEY_UILaunchStoryboardName = LaunchScreen;
				INFOPLIST_KEY_UIMainStoryboardFile = Main;
				INFOPLIST_KEY_UISupportedInterfaceOrientations_iPad = "UIInterfaceOrientationPortrait UIInterfaceOrientationPortraitUpsideDown UIInterfaceOrientationLandscapeLeft UIInterfaceOrientationLandscapeRight";
				INFOPLIST_KEY_UISupportedInterfaceOrientations_iPhone = "UIInterfaceOrientationPortrait UIInterfaceOrientationLandscapeLeft UIInterfaceOrientationLandscapeRight";
				LD_RUNPATH_SEARCH_PATHS = (
					"$(inherited)",
					"@executable_path/Frameworks",
				);
				MARKETING_VERSION = 1.0;
				PRODUCT_BUNDLE_IDENTIFIER = "tora.buke-gmail.com.FocusOn";
				PRODUCT_NAME = "$(TARGET_NAME)";
				SWIFT_EMIT_LOC_STRINGS = YES;
				SWIFT_VERSION = 5.0;
				TARGETED_DEVICE_FAMILY = "1,2";
			};
			name = Release;
		};
/* End XCBuildConfiguration section */

/* Begin XCConfigurationList section */
		A0E9C8CE2981F0EE009C136A /* Build configuration list for PBXProject "FocusOn" */ = {
			isa = XCConfigurationList;
			buildConfigurations = (
				A0E9C8E52981F0EF009C136A /* Debug */,
				A0E9C8E62981F0EF009C136A /* Release */,
			);
			defaultConfigurationIsVisible = 0;
			defaultConfigurationName = Release;
		};
		A0E9C8E72981F0EF009C136A /* Build configuration list for PBXNativeTarget "FocusOn" */ = {
			isa = XCConfigurationList;
			buildConfigurations = (
				A0E9C8E82981F0EF009C136A /* Debug */,
				A0E9C8E92981F0EF009C136A /* Release */,
			);
			defaultConfigurationIsVisible = 0;
			defaultConfigurationName = Release;
		};
/* End XCConfigurationList section */

/* Begin XCVersionGroup section */
		A0780E0529875282003B41F4 /* FocusData.xcdatamodeld */ = {
			isa = XCVersionGroup;
			children = (
				A0780E0629875282003B41F4 /* FocusData.xcdatamodel */,
			);
			currentVersion = A0780E0629875282003B41F4 /* FocusData.xcdatamodel */;
			path = FocusData.xcdatamodeld;
			sourceTree = "<group>";
			versionGroupType = wrapper.xcdatamodel;
		};
/* End XCVersionGroup section */
	};
	rootObject = A0E9C8CB2981F0EE009C136A /* Project object */;
}
